
Microsoft Visual Studio Solution File, Format Version 12.00
# Visual Studio Version 16
VisualStudioVersion = 16.0.31005.135
MinimumVisualStudioVersion = 10.0.40219.1
Project("{FAE04EC0-301F-11D3-BF4B-00C04F79EFBC}") = "Epos", "Epos\Epos.csproj", "{BEFDC75F-BEFB-4C26-AA7F-C14FFF8379CA}"
EndProject
Global
	GlobalSection(SolutionConfigurationPlatforms) = preSolution
		Debug|Any CPU = Debug|Any CPU
		Release|Any CPU = Release|Any CPU
	EndGlobalSection
	GlobalSection(ProjectConfigurationPlatforms) = postSolution
		{BEFDC75F-BEFB-4C26-AA7F-C14FFF8379CA}.Debug|Any CPU.ActiveCfg = Debug|Any CPU
		{BEFDC75F-BEFB-4C26-AA7F-C14FFF8379CA}.Debug|Any CPU.Build.0 = Debug|Any CPU
		{BEFDC75F-BEFB-4C26-AA7F-C14FFF8379CA}.Release|Any CPU.ActiveCfg = Release|Any CPU
		{BEFDC75F-BEFB-4C26-AA7F-C14FFF8379CA}.Release|Any CPU.Build.0 = Release|Any CPU
	EndGlobalSection
	GlobalSection(SolutionProperties) = preSolution
		HideSolutionNode = FALSE
	EndGlobalSection
	GlobalSection(ExtensibilityGlobals) = postSolution
		SolutionGuid = {B3136F04-1CE5-454E-A931-B6C1B5719172}
	EndGlobalSection
EndGlobal
